
Microsoft Visual Studio Solution File, Format Version 12.00
# Visual Studio Version 17
VisualStudioVersion = 17.1.32421.90
MinimumVisualStudioVersion = 10.0.40219.1
Project("{FAE04EC0-301F-11D3-BF4B-00C04F79EFBC}") = "BindBox", "BindBox\BindBox.csproj", "{2795D3D6-0FF8-42A5-8752-AD2F038E71A2}"
EndProject
Global
	GlobalSection(SolutionConfigurationPlatforms) = preSolution
		Debug|Any CPU = Debug|Any CPU
		Release|Any CPU = Release|Any CPU
	EndGlobalSection
	GlobalSection(ProjectConfigurationPlatforms) = postSolution
		{2795D3D6-0FF8-42A5-8752-AD2F038E71A2}.Debug|Any CPU.ActiveCfg = Debug|Any CPU
		{2795D3D6-0FF8-42A5-8752-AD2F038E71A2}.Debug|Any CPU.Build.0 = Debug|Any CPU
		{2795D3D6-0FF8-42A5-8752-AD2F038E71A2}.Release|Any CPU.ActiveCfg = Release|Any CPU
		{2795D3D6-0FF8-42A5-8752-AD2F038E71A2}.Release|Any CPU.Build.0 = Release|Any CPU
	EndGlobalSection
	GlobalSection(SolutionProperties) = preSolution
		HideSolutionNode = FALSE
	EndGlobalSection
	GlobalSection(ExtensibilityGlobals) = postSolution
		SolutionGuid = {0144169C-49D4-492D-A21E-6C87DDFFAA25}
	EndGlobalSection
EndGlobal
